
Microsoft Visual Studio Solution File, Format Version 12.00
# Visual Studio Version 16
VisualStudioVersion = 16.0.30621.155
MinimumVisualStudioVersion = 10.0.40219.1
Project("{FAE04EC0-301F-11D3-BF4B-00C04F79EFBC}") = "WS_Cliente_MVC_Lizarraga", "WS_Cliente_MVC_Lizarraga.csproj", "{BA111506-B7D9-496C-AE6D-31FCB58608A4}"
EndProject
Global
	GlobalSection(SolutionConfigurationPlatforms) = preSolution
		Debug|Any CPU = Debug|Any CPU
		Release|Any CPU = Release|Any CPU
	EndGlobalSection
	GlobalSection(ProjectConfigurationPlatforms) = postSolution
		{BA111506-B7D9-496C-AE6D-31FCB58608A4}.Debug|Any CPU.ActiveCfg = Debug|Any CPU
		{BA111506-B7D9-496C-AE6D-31FCB58608A4}.Debug|Any CPU.Build.0 = Debug|Any CPU
		{BA111506-B7D9-496C-AE6D-31FCB58608A4}.Release|Any CPU.ActiveCfg = Release|Any CPU
		{BA111506-B7D9-496C-AE6D-31FCB58608A4}.Release|Any CPU.Build.0 = Release|Any CPU
	EndGlobalSection
	GlobalSection(SolutionProperties) = preSolution
		HideSolutionNode = FALSE
	EndGlobalSection
	GlobalSection(ExtensibilityGlobals) = postSolution
		SolutionGuid = {139D80D4-AE77-4168-BEF2-FAE701C52DAA}
	EndGlobalSection
EndGlobal
